PODS:
  - boost (1.76.0)
  - DoubleConversion (1.1.6)
  - FBLazyVector (0.72.14)
  - FBReactNativeSpec (0.72.14):
    - RCT-Folly (= 2021.07.22.00)
    - RCTRequired (= 0.72.14)
    - RCTTypeSafety (= 0.72.14)
    - React-Core (= 0.72.14)
    - React-jsi (= 0.72.14)
    - ReactCommon/turbomodule/core (= 0.72.14)
  - fmt (6.2.1)
  - glog (0.3.5)
  - hermes-engine (0.72.14):
    - hermes-engine/Pre-built (= 0.72.14)
  - hermes-engine/Pre-built (0.72.14)
  - libevent (2.1.12)
  - MMKV (2.0.2):
    - MMKVCore (~> 2.0.2)
  - MMKVCore (2.0.2)
  - RCT-Folly (2021.07.22.00):
    - boost
    - DoubleConversion
    - fmt (~> 6.2.1)
    - glog
    - RCT-Folly/Default (= 2021.07.22.00)
  - RCT-Folly/Default (2021.07.22.00):
    - boost
    - DoubleConversion
    - fmt (~> 6.2.1)
    - glog
  - RCT-Folly/Futures (2021.07.22.00):
    - boost
    - DoubleConversion
    - fmt (~> 6.2.1)
    - glog
    - libevent
  - RCTRequired (0.72.14)
  - RCTTypeSafety (0.72.14):
    - FBLazyVector (= 0.72.14)
    - RCTRequired (= 0.72.14)
    - React-Core (= 0.72.14)
  - React (0.72.14):
    - React-Core (= 0.72.14)
    - React-Core/DevSupport (= 0.72.14)
    - React-Core/RCTWebSocket (= 0.72.14)
    - React-RCTActionSheet (= 0.72.14)
    - React-RCTAnimation (= 0.72.14)
    - React-RCTBlob (= 0.72.14)
    - React-RCTImage (= 0.72.14)
    - React-RCTLinking (= 0.72.14)
    - React-RCTNetwork (= 0.72.14)
    - React-RCTSettings (= 0.72.14)
    - React-RCTText (= 0.72.14)
    - React-RCTVibration (= 0.72.14)
  - React-callinvoker (0.72.14)
  - React-Codegen (0.72.14):
    - DoubleConversion
    - FBReactNativeSpec
    - glog
    - hermes-engine
    - RCT-Folly
    - RCTRequired
    - RCTTypeSafety
    - React-Core
    - React-jsi
    - React-jsiexecutor
    - React-NativeModulesApple
    - React-rncore
    - ReactCommon/turbomodule/bridging
    - ReactCommon/turbomodule/core
  - React-Core (0.72.14):
    - glog
    - hermes-engine
    - RCT-Folly (= 2021.07.22.00)
    - React-Core/Default (= 0.72.14)
    - React-cxxreact
    - React-hermes
    - React-jsi
    - React-jsiexecutor
    - React-perflogger
    - React-runtimeexecutor
    - React-utils
    - SocketRocket (= 0.6.1)
    - Yoga
  - React-Core/CoreModulesHeaders (0.72.14):
    - glog
    - hermes-engine
    - RCT-Folly (= 2021.07.22.00)
    - React-Core/Default
    - React-cxxreact
    - React-hermes
    - React-jsi
    - React-jsiexecutor
    - React-perflogger
    - React-runtimeexecutor
    - React-utils
    - SocketRocket (= 0.6.1)
    - Yoga
  - React-Core/Default (0.72.14):
    - glog
    - hermes-engine
    - RCT-Folly (= 2021.07.22.00)
    - React-cxxreact
    - React-hermes
    - React-jsi
    - React-jsiexecutor
    - React-perflogger
    - React-runtimeexecutor
    - React-utils
    - SocketRocket (= 0.6.1)
    - Yoga
  - React-Core/DevSupport (0.72.14):
    - glog
    - hermes-engine
    - RCT-Folly (= 2021.07.22.00)
    - React-Core/Default (= 0.72.14)
    - React-Core/RCTWebSocket (= 0.72.14)
    - React-cxxreact
    - React-hermes
    - React-jsi
    - React-jsiexecutor
    - React-jsinspector (= 0.72.14)
    - React-perflogger
    - React-runtimeexecutor
    - React-utils
    - SocketRocket (= 0.6.1)
    - Yoga
  - React-Core/RCTActionSheetHeaders (0.72.14):
    - glog
    - hermes-engine
    - RCT-Folly (= 2021.07.22.00)
    - React-Core/Default
    - React-cxxreact
    - React-hermes
    - React-jsi
    - React-jsiexecutor
    - React-perflogger
    - React-runtimeexecutor
    - React-utils
    - SocketRocket (= 0.6.1)
    - Yoga
  - React-Core/RCTAnimationHeaders (0.72.14):
    - glog
    - hermes-engine
    - RCT-Folly (= 2021.07.22.00)
    - React-Core/Default
    - React-cxxreact
    - React-hermes
    - React-jsi
    - React-jsiexecutor
    - React-perflogger
    - React-runtimeexecutor
    - React-utils
    - SocketRocket (= 0.6.1)
    - Yoga
  - React-Core/RCTBlobHeaders (0.72.14):
    - glog
    - hermes-engine
    - RCT-Folly (= 2021.07.22.00)
    - React-Core/Default
    - React-cxxreact
    - React-hermes
    - React-jsi
    - React-jsiexecutor
    - React-perflogger
    - React-runtimeexecutor
    - React-utils
    - SocketRocket (= 0.6.1)
    - Yoga
  - React-Core/RCTImageHeaders (0.72.14):
    - glog
    - hermes-engine
    - RCT-Folly (= 2021.07.22.00)
    - React-Core/Default
    - React-cxxreact
    - React-hermes
    - React-jsi
    - React-jsiexecutor
    - React-perflogger
    - React-runtimeexecutor
    - React-utils
    - SocketRocket (= 0.6.1)
    - Yoga
  - React-Core/RCTLinkingHeaders (0.72.14):
    - glog
    - hermes-engine
    - RCT-Folly (= 2021.07.22.00)
    - React-Core/Default
    - React-cxxreact
    - React-hermes
    - React-jsi
    - React-jsiexecutor
    - React-perflogger
    - React-runtimeexecutor
    - React-utils
    - SocketRocket (= 0.6.1)
    - Yoga
  - React-Core/RCTNetworkHeaders (0.72.14):
    - glog
    - hermes-engine
    - RCT-Folly (= 2021.07.22.00)
    - React-Core/Default
    - React-cxxreact
    - React-hermes
    - React-jsi
    - React-jsiexecutor
    - React-perflogger
    - React-runtimeexecutor
    - React-utils
    - SocketRocket (= 0.6.1)
    - Yoga
  - React-Core/RCTSettingsHeaders (0.72.14):
    - glog
    - hermes-engine
    - RCT-Folly (= 2021.07.22.00)
    - React-Core/Default
    - React-cxxreact
    - React-hermes
    - React-jsi
    - React-jsiexecutor
    - React-perflogger
    - React-runtimeexecutor
    - React-utils
    - SocketRocket (= 0.6.1)
    - Yoga
  - React-Core/RCTTextHeaders (0.72.14):
    - glog
    - hermes-engine
    - RCT-Folly (= 2021.07.22.00)
    - React-Core/Default
    - React-cxxreact
    - React-hermes
    - React-jsi
    - React-jsiexecutor
    - React-perflogger
    - React-runtimeexecutor
    - React-utils
    - SocketRocket (= 0.6.1)
    - Yoga
  - React-Core/RCTVibrationHeaders (0.72.14):
    - glog
    - hermes-engine
    - RCT-Folly (= 2021.07.22.00)
    - React-Core/Default
    - React-cxxreact
    - React-hermes
    - React-jsi
    - React-jsiexecutor
    - React-perflogger
    - React-runtimeexecutor
    - React-utils
    - SocketRocket (= 0.6.1)
    - Yoga
  - React-Core/RCTWebSocket (0.72.14):
    - glog
    - hermes-engine
    - RCT-Folly (= 2021.07.22.00)
    - React-Core/Default (= 0.72.14)
    - React-cxxreact
    - React-hermes
    - React-jsi
    - React-jsiexecutor
    - React-perflogger
    - React-runtimeexecutor
    - React-utils
    - SocketRocket (= 0.6.1)
    - Yoga
  - React-CoreModules (0.72.14):
    - RCT-Folly (= 2021.07.22.00)
    - RCTTypeSafety (= 0.72.14)
    - React-Codegen (= 0.72.14)
    - React-Core/CoreModulesHeaders (= 0.72.14)
    - React-jsi (= 0.72.14)
    - React-RCTBlob
    - React-RCTImage (= 0.72.14)
    - ReactCommon/turbomodule/core (= 0.72.14)
    - SocketRocket (= 0.6.1)
  - React-cxxreact (0.72.14):
    - boost (= 1.76.0)
    - DoubleConversion
    - glog
    - hermes-engine
    - RCT-Folly (= 2021.07.22.00)
    - React-callinvoker (= 0.72.14)
    - React-debug (= 0.72.14)
    - React-jsi (= 0.72.14)
    - React-jsinspector (= 0.72.14)
    - React-logger (= 0.72.14)
    - React-perflogger (= 0.72.14)
    - React-runtimeexecutor (= 0.72.14)
  - React-debug (0.72.14)
  - React-hermes (0.72.14):
    - DoubleConversion
    - glog
    - hermes-engine
    - RCT-Folly (= 2021.07.22.00)
    - RCT-Folly/Futures (= 2021.07.22.00)
    - React-cxxreact (= 0.72.14)
    - React-jsi
    - React-jsiexecutor (= 0.72.14)
    - React-jsinspector (= 0.72.14)
    - React-perflogger (= 0.72.14)
  - React-jsi (0.72.14):
    - boost (= 1.76.0)
    - DoubleConversion
    - glog
    - hermes-engine
    - RCT-Folly (= 2021.07.22.00)
  - React-jsiexecutor (0.72.14):
    - DoubleConversion
    - glog
    - hermes-engine
    - RCT-Folly (= 2021.07.22.00)
    - React-cxxreact (= 0.72.14)
    - React-jsi (= 0.72.14)
    - React-perflogger (= 0.72.14)
  - React-jsinspector (0.72.14)
  - React-logger (0.72.14):
    - glog
  - react-native-cookies (6.2.1):
    - React-Core
  - react-native-mmkv (2.12.2):
    - MMKV (>= 1.3.3)
    - RCT-Folly (= 2021.07.22.00)
    - React-Core
  - react-native-netinfo (11.4.1):
    - React-Core
  - react-native-network-info (5.2.1):
    - React
  - react-native-orientation-locker (1.7.0):
    - React-Core
  - react-native-restart (0.0.27):
    - React-Core
  - react-native-safe-area-context (4.14.1):
    - React-Core
  - react-native-slider (4.5.5):
    - RCT-Folly (= 2021.07.22.00)
    - React-Core
  - react-native-splash-screen (3.3.0):
    - React-Core
  - react-native-webview (13.13.2):
    - RCT-Folly (= 2021.07.22.00)
    - React-Core
  - React-NativeModulesApple (0.72.14):
    - hermes-engine
    - React-callinvoker
    - React-Core
    - React-cxxreact
    - React-jsi
    - React-runtimeexecutor
    - ReactCommon/turbomodule/bridging
    - ReactCommon/turbomodule/core
  - React-perflogger (0.72.14)
  - React-RCTActionSheet (0.72.14):
    - React-Core/RCTActionSheetHeaders (= 0.72.14)
  - React-RCTAnimation (0.72.14):
    - RCT-Folly (= 2021.07.22.00)
    - RCTTypeSafety (= 0.72.14)
    - React-Codegen (= 0.72.14)
    - React-Core/RCTAnimationHeaders (= 0.72.14)
    - React-jsi (= 0.72.14)
    - ReactCommon/turbomodule/core (= 0.72.14)
  - React-RCTAppDelegate (0.72.14):
    - RCT-Folly
    - RCTRequired
    - RCTTypeSafety
    - React-Core
    - React-CoreModules
    - React-hermes
    - React-NativeModulesApple
    - React-RCTImage
    - React-RCTNetwork
    - React-runtimescheduler
    - ReactCommon/turbomodule/core
  - React-RCTBlob (0.72.14):
    - hermes-engine
    - RCT-Folly (= 2021.07.22.00)
    - React-Codegen (= 0.72.14)
    - React-Core/RCTBlobHeaders (= 0.72.14)
    - React-Core/RCTWebSocket (= 0.72.14)
    - React-jsi (= 0.72.14)
    - React-RCTNetwork (= 0.72.14)
    - ReactCommon/turbomodule/core (= 0.72.14)
  - React-RCTImage (0.72.14):
    - RCT-Folly (= 2021.07.22.00)
    - RCTTypeSafety (= 0.72.14)
    - React-Codegen (= 0.72.14)
    - React-Core/RCTImageHeaders (= 0.72.14)
    - React-jsi (= 0.72.14)
    - React-RCTNetwork (= 0.72.14)
    - ReactCommon/turbomodule/core (= 0.72.14)
  - React-RCTLinking (0.72.14):
    - React-Codegen (= 0.72.14)
    - React-Core/RCTLinkingHeaders (= 0.72.14)
    - React-jsi (= 0.72.14)
    - ReactCommon/turbomodule/core (= 0.72.14)
  - React-RCTNetwork (0.72.14):
    - RCT-Folly (= 2021.07.22.00)
    - RCTTypeSafety (= 0.72.14)
    - React-Codegen (= 0.72.14)
    - React-Core/RCTNetworkHeaders (= 0.72.14)
    - React-jsi (= 0.72.14)
    - ReactCommon/turbomodule/core (= 0.72.14)
  - React-RCTSettings (0.72.14):
    - RCT-Folly (= 2021.07.22.00)
    - RCTTypeSafety (= 0.72.14)
    - React-Codegen (= 0.72.14)
    - React-Core/RCTSettingsHeaders (= 0.72.14)
    - React-jsi (= 0.72.14)
    - ReactCommon/turbomodule/core (= 0.72.14)
  - React-RCTText (0.72.14):
    - React-Core/RCTTextHeaders (= 0.72.14)
  - React-RCTVibration (0.72.14):
    - RCT-Folly (= 2021.07.22.00)
    - React-Codegen (= 0.72.14)
    - React-Core/RCTVibrationHeaders (= 0.72.14)
    - React-jsi (= 0.72.14)
    - ReactCommon/turbomodule/core (= 0.72.14)
  - React-rncore (0.72.14)
  - React-runtimeexecutor (0.72.14):
    - React-jsi (= 0.72.14)
  - React-runtimescheduler (0.72.14):
    - glog
    - hermes-engine
    - RCT-Folly (= 2021.07.22.00)
    - React-callinvoker
    - React-debug
    - React-jsi
    - React-runtimeexecutor
  - React-utils (0.72.14):
    - glog
    - RCT-Folly (= 2021.07.22.00)
    - React-debug
  - ReactCommon/turbomodule/bridging (0.72.14):
    - DoubleConversion
    - glog
    - hermes-engine
    - RCT-Folly (= 2021.07.22.00)
    - React-callinvoker (= 0.72.14)
    - React-cxxreact (= 0.72.14)
    - React-jsi (= 0.72.14)
    - React-logger (= 0.72.14)
    - React-perflogger (= 0.72.14)
  - ReactCommon/turbomodule/core (0.72.14):
    - DoubleConversion
    - glog
    - hermes-engine
    - RCT-Folly (= 2021.07.22.00)
    - React-callinvoker (= 0.72.14)
    - React-cxxreact (= 0.72.14)
    - React-jsi (= 0.72.14)
    - React-logger (= 0.72.14)
    - React-perflogger (= 0.72.14)
  - RNGestureHandler (2.23.1):
    - RCT-Folly (= 2021.07.22.00)
    - React-Core
  - RNReactNativeHapticFeedback (2.3.3):
    - RCT-Folly (= 2021.07.22.00)
    - React-Core
  - RNScreens (3.35.0):
    - RCT-Folly (= 2021.07.22.00)
    - React-Core
    - React-RCTImage
  - RNSVG (15.11.1):
    - React-Core
  - RNVectorIcons (10.2.0):
    - RCT-Folly (= 2021.07.22.00)
    - React-Core
  - SocketRocket (0.6.1)
  - Yoga (1.14.0)

DEPENDENCIES:
  - boost (from `../node_modules/react-native/third-party-podspecs/boost.podspec`)
  - DoubleConversion (from `../node_modules/react-native/third-party-podspecs/DoubleConversion.podspec`)
  - FBLazyVector (from `../node_modules/react-native/Libraries/FBLazyVector`)
  - FBReactNativeSpec (from `../node_modules/react-native/React/FBReactNativeSpec`)
  - glog (from `../node_modules/react-native/third-party-podspecs/glog.podspec`)
  - hermes-engine (from `../node_modules/react-native/sdks/hermes-engine/hermes-engine.podspec`)
  - libevent (~> 2.1.12)
  - RCT-Folly (from `../node_modules/react-native/third-party-podspecs/RCT-Folly.podspec`)
  - RCTRequired (from `../node_modules/react-native/Libraries/RCTRequired`)
  - RCTTypeSafety (from `../node_modules/react-native/Libraries/TypeSafety`)
  - React (from `../node_modules/react-native/`)
  - React-callinvoker (from `../node_modules/react-native/ReactCommon/callinvoker`)
  - React-Codegen (from `build/generated/ios`)
  - React-Core (from `../node_modules/react-native/`)
  - React-Core/RCTWebSocket (from `../node_modules/react-native/`)
  - React-CoreModules (from `../node_modules/react-native/React/CoreModules`)
  - React-cxxreact (from `../node_modules/react-native/ReactCommon/cxxreact`)
  - React-debug (from `../node_modules/react-native/ReactCommon/react/debug`)
  - React-hermes (from `../node_modules/react-native/ReactCommon/hermes`)
  - React-jsi (from `../node_modules/react-native/ReactCommon/jsi`)
  - React-jsiexecutor (from `../node_modules/react-native/ReactCommon/jsiexecutor`)
  - React-jsinspector (from `../node_modules/react-native/ReactCommon/jsinspector`)
  - React-logger (from `../node_modules/react-native/ReactCommon/logger`)
  - "react-native-cookies (from `../node_modules/@react-native-cookies/cookies`)"
  - react-native-mmkv (from `../node_modules/react-native-mmkv`)
  - "react-native-netinfo (from `../node_modules/@react-native-community/netinfo`)"
  - react-native-network-info (from `../node_modules/react-native-network-info`)
  - react-native-orientation-locker (from `../node_modules/react-native-orientation-locker`)
  - react-native-restart (from `../node_modules/react-native-restart`)
  - react-native-safe-area-context (from `../node_modules/react-native-safe-area-context`)
  - "react-native-slider (from `../node_modules/@react-native-community/slider`)"
  - react-native-splash-screen (from `../node_modules/react-native-splash-screen`)
  - react-native-webview (from `../node_modules/react-native-webview`)
  - React-NativeModulesApple (from `../node_modules/react-native/ReactCommon/react/nativemodule/core/platform/ios`)
  - React-perflogger (from `../node_modules/react-native/ReactCommon/reactperflogger`)
  - React-RCTActionSheet (from `../node_modules/react-native/Libraries/ActionSheetIOS`)
  - React-RCTAnimation (from `../node_modules/react-native/Libraries/NativeAnimation`)
  - React-RCTAppDelegate (from `../node_modules/react-native/Libraries/AppDelegate`)
  - React-RCTBlob (from `../node_modules/react-native/Libraries/Blob`)
  - React-RCTImage (from `../node_modules/react-native/Libraries/Image`)
  - React-RCTLinking (from `../node_modules/react-native/Libraries/LinkingIOS`)
  - React-RCTNetwork (from `../node_modules/react-native/Libraries/Network`)
  - React-RCTSettings (from `../node_modules/react-native/Libraries/Settings`)
  - React-RCTText (from `../node_modules/react-native/Libraries/Text`)
  - React-RCTVibration (from `../node_modules/react-native/Libraries/Vibration`)
  - React-rncore (from `../node_modules/react-native/ReactCommon`)
  - React-runtimeexecutor (from `../node_modules/react-native/ReactCommon/runtimeexecutor`)
  - React-runtimescheduler (from `../node_modules/react-native/ReactCommon/react/renderer/runtimescheduler`)
  - React-utils (from `../node_modules/react-native/ReactCommon/react/utils`)
  - ReactCommon/turbomodule/core (from `../node_modules/react-native/ReactCommon`)
  - RNGestureHandler (from `../node_modules/react-native-gesture-handler`)
  - RNReactNativeHapticFeedback (from `../node_modules/react-native-haptic-feedback`)
  - RNScreens (from `../node_modules/react-native-screens`)
  - RNSVG (from `../node_modules/react-native-svg`)
  - RNVectorIcons (from `../node_modules/react-native-vector-icons`)
  - Yoga (from `../node_modules/react-native/ReactCommon/yoga`)

SPEC REPOS:
  trunk:
    - fmt
    - libevent
    - MMKV
    - MMKVCore
    - SocketRocket

EXTERNAL SOURCES:
  boost:
    :podspec: "../node_modules/react-native/third-party-podspecs/boost.podspec"
  DoubleConversion:
    :podspec: "../node_modules/react-native/third-party-podspecs/DoubleConversion.podspec"
  FBLazyVector:
    :path: "../node_modules/react-native/Libraries/FBLazyVector"
  FBReactNativeSpec:
    :path: "../node_modules/react-native/React/FBReactNativeSpec"
  glog:
    :podspec: "../node_modules/react-native/third-party-podspecs/glog.podspec"
  hermes-engine:
    :podspec: "../node_modules/react-native/sdks/hermes-engine/hermes-engine.podspec"
  RCT-Folly:
    :podspec: "../node_modules/react-native/third-party-podspecs/RCT-Folly.podspec"
  RCTRequired:
    :path: "../node_modules/react-native/Libraries/RCTRequired"
  RCTTypeSafety:
    :path: "../node_modules/react-native/Libraries/TypeSafety"
  React:
    :path: "../node_modules/react-native/"
  React-callinvoker:
    :path: "../node_modules/react-native/ReactCommon/callinvoker"
  React-Codegen:
    :path: build/generated/ios
  React-Core:
    :path: "../node_modules/react-native/"
  React-CoreModules:
    :path: "../node_modules/react-native/React/CoreModules"
  React-cxxreact:
    :path: "../node_modules/react-native/ReactCommon/cxxreact"
  React-debug:
    :path: "../node_modules/react-native/ReactCommon/react/debug"
  React-hermes:
    :path: "../node_modules/react-native/ReactCommon/hermes"
  React-jsi:
    :path: "../node_modules/react-native/ReactCommon/jsi"
  React-jsiexecutor:
    :path: "../node_modules/react-native/ReactCommon/jsiexecutor"
  React-jsinspector:
    :path: "../node_modules/react-native/ReactCommon/jsinspector"
  React-logger:
    :path: "../node_modules/react-native/ReactCommon/logger"
  react-native-cookies:
    :path: "../node_modules/@react-native-cookies/cookies"
  react-native-mmkv:
    :path: "../node_modules/react-native-mmkv"
  react-native-netinfo:
    :path: "../node_modules/@react-native-community/netinfo"
  react-native-network-info:
    :path: "../node_modules/react-native-network-info"
  react-native-orientation-locker:
    :path: "../node_modules/react-native-orientation-locker"
  react-native-restart:
    :path: "../node_modules/react-native-restart"
  react-native-safe-area-context:
    :path: "../node_modules/react-native-safe-area-context"
  react-native-slider:
    :path: "../node_modules/@react-native-community/slider"
  react-native-splash-screen:
    :path: "../node_modules/react-native-splash-screen"
  react-native-webview:
    :path: "../node_modules/react-native-webview"
  React-NativeModulesApple:
    :path: "../node_modules/react-native/ReactCommon/react/nativemodule/core/platform/ios"
  React-perflogger:
    :path: "../node_modules/react-native/ReactCommon/reactperflogger"
  React-RCTActionSheet:
    :path: "../node_modules/react-native/Libraries/ActionSheetIOS"
  React-RCTAnimation:
    :path: "../node_modules/react-native/Libraries/NativeAnimation"
  React-RCTAppDelegate:
    :path: "../node_modules/react-native/Libraries/AppDelegate"
  React-RCTBlob:
    :path: "../node_modules/react-native/Libraries/Blob"
  React-RCTImage:
    :path: "../node_modules/react-native/Libraries/Image"
  React-RCTLinking:
    :path: "../node_modules/react-native/Libraries/LinkingIOS"
  React-RCTNetwork:
    :path: "../node_modules/react-native/Libraries/Network"
  React-RCTSettings:
    :path: "../node_modules/react-native/Libraries/Settings"
  React-RCTText:
    :path: "../node_modules/react-native/Libraries/Text"
  React-RCTVibration:
    :path: "../node_modules/react-native/Libraries/Vibration"
  React-rncore:
    :path: "../node_modules/react-native/ReactCommon"
  React-runtimeexecutor:
    :path: "../node_modules/react-native/ReactCommon/runtimeexecutor"
  React-runtimescheduler:
    :path: "../node_modules/react-native/ReactCommon/react/renderer/runtimescheduler"
  React-utils:
    :path: "../node_modules/react-native/ReactCommon/react/utils"
  ReactCommon:
    :path: "../node_modules/react-native/ReactCommon"
  RNGestureHandler:
    :path: "../node_modules/react-native-gesture-handler"
  RNReactNativeHapticFeedback:
    :path: "../node_modules/react-native-haptic-feedback"
  RNScreens:
    :path: "../node_modules/react-native-screens"
  RNSVG:
    :path: "../node_modules/react-native-svg"
  RNVectorIcons:
    :path: "../node_modules/react-native-vector-icons"
  Yoga:
    :path: "../node_modules/react-native/ReactCommon/yoga"

SPEC CHECKSUMS:
  boost: 7dcd2de282d72e344012f7d6564d024930a6a440
  DoubleConversion: 5189b271737e1565bdce30deb4a08d647e3f5f54
  FBLazyVector: d98eefb42c5a64cb28ef966bd9096c76770d8f24
  FBReactNativeSpec: 53d4eb00e8e1b6e987a3dd5906d2afe131cc54c8
  fmt: ff9d55029c625d3757ed641535fd4a75fedc7ce9
  glog: 04b94705f318337d7ead9e6d17c019bd9b1f6b1b
  hermes-engine: b213bace5f31766ad1434d2d9b2cbf04cf92a2b6
  libevent: 4049cae6c81cdb3654a443be001fb9bdceff7913
  MMKV: 3eacda84cd1c4fc95cf848d3ecb69d85ed56006c
  MMKVCore: 508b4d3a8ce031f1b5c8bd235f0517fb3f4c73a9
  RCT-Folly: 8dc08ca5a393b48b1c523ab6220dfdcc0fe000ad
  RCTRequired: 264adaca1d8b1a9c078761891898d4142df05313
  RCTTypeSafety: 279a89da7058a69899778a127be73fab38b84499
  React: 725b4e11f6ffb43d6f9b14e82879073623db4071
  React-callinvoker: c2ba5e7e1187d0f37705b9dcaaf9bbf24d3fe9dc
  React-Codegen: 26b90b68efc1f76be23c5b5bdb80b93c8bf1675e
  React-Core: 78a26b4f586022f8e2166c565b6f4038e9d2ef42
  React-CoreModules: f6867c142023c5faae79aa32e713d5376eabc0b2
  React-cxxreact: 71f6906197dc19245ebe16e8afb43468dda50d45
  React-debug: d360c17c84e514b9143e78217072183d4fcfb9c0
  React-hermes: a479cad68ef70aea8ff3c2f401c399dfbdc4387f
  React-jsi: 627d58e51b5ff16421a21b53a2fc3b2d255b16b0
  React-jsiexecutor: 67820f07fe12f4a4f38e16349f33c1636ef4c857
  React-jsinspector: 275d9f80210f15f0af9a4b7fd5683fab9738e28e
  React-logger: 5509becad280c1c3bab8c45480f0caaec57ee0d3
  react-native-cookies: d648ab7025833b977c0b19e142503034f5f29411
  react-native-mmkv: 8d091200f8e3d724d8db9f8a3dd8f1466adb3d35
  react-native-netinfo: cec9c4e86083cb5b6aba0e0711f563e2fbbff187
  react-native-network-info: 23b4f34419d7998727c9e50bf8dee3c1bd3f975a
  react-native-orientation-locker: cc6f357b289a2e0dd2210fea0c52cb8e0727fdaa
  react-native-restart: 0bc732f4461709022a742bb29bcccf6bbc5b4863
  react-native-safe-area-context: 758e894ca5a9bd1868d2a9cfbca7326a2b6bf9dc
  react-native-slider: 938e4d2b89b5a3eb2800a7338943df1d99a5a541
  react-native-splash-screen: 95994222cc95c236bd3cdc59fe45ed5f27969594
  react-native-webview: fdee786e1b333372bc71f9b94b146dc288e9bac8
  React-NativeModulesApple: 8348f3605691310597a2ae5e866e28df70a11072
  React-perflogger: daabc494c6328efc1784a4b49b8b74fca305d11c
  React-RCTActionSheet: 0e0e64a7cf6c07f1de73d1f0a92d26a70262b256
  React-RCTAnimation: faef65b19e73029c4828167985b0a7c01c62756d
  React-RCTAppDelegate: daa96506a2b70e97b3fafaba506b8eaddd1d5300
  React-RCTBlob: da8ea78c5f73cde358a22d327e1f68329f768e63
  React-RCTImage: 15e211cbb629210ab9c1fa37e07e7100362b12ed
  React-RCTLinking: 50d5faf19b02541cefb78ee5d505029283c8ef95
  React-RCTNetwork: dfa9fb4ad2ae459b9193a14204b1d9da907d15a7
  React-RCTSettings: 37611fa97d44a9c5a7ea844cfb953d3513f7ace0
  React-RCTText: 39ed334f64484d07b85a8159cf117814ff069ff6
  React-RCTVibration: 62462803b5fe0842e0be6d9ef86dd74e0df4a614
  React-rncore: 25ad3a3c1e0f4edf77913b9af3af9f497b7f99a5
  React-runtimeexecutor: e5c2f0a1493d72c61b97465ccfedc339157b3179
  React-runtimescheduler: 192345f363d7d4df722f96fc2634d05693e3aec4
  React-utils: ef6b0a94476878cd94bfc1212d9fc9d38f2e3337
  ReactCommon: a1d98e3ebb1e7d2ef5db51a2ba5d7965ee4c8e06
  RNGestureHandler: 7ddc3d1eeafe612b4ef2cfc08841a43bf5f825de
  RNReactNativeHapticFeedback: 4a15f166bef6bc51da0f211ef286d0ad60a6b0aa
  RNScreens: c09986e2086f03fb9fcaefbff7126fd3a2bb1cf5
  RNSVG: 35e1960c0f99a1d789d7759f189b8fe06a8a1771
  RNVectorIcons: 4a5bf25944f3f8157ec86845a967fb10f29bceef
  SocketRocket: f32cd54efbe0f095c4d7594881e52619cfe80b17
  Yoga: c32e0be1a17f8f1f0e633a3122f7666441f52c82

PODFILE CHECKSUM: 1234c7736071c537476d5e94ce2bf7b23b811e8a

COCOAPODS: 1.16.2
